
Microsoft Visual Studio Solution File, Format Version 12.00
# Visual Studio Version 17
VisualStudioVersion = 17.2.32616.157
MinimumVisualStudioVersion = 10.0.40219.1
Project("{2150E333-8FDC-42A3-9474-1A3956D46DE8}") = "src", "src", "{5237E842-79D4-4478-A2B2-03A9550DF961}"
EndProject
Project("{2150E333-8FDC-42A3-9474-1A3956D46DE8}") = "samples", "samples", "{B81DD0A3-C252-4D42-A6B5-7DFFD54EEC02}"
EndProject
Project("{2150E333-8FDC-42A3-9474-1A3956D46DE8}") = "tests", "tests", "{205F8EB8-DA99-44B8-878B-9BC54E4C86EF}"
EndProject
Project("{9A19103F-16F7-4668-BE54-9A1E7A4F7556}") = "PowerUtils.Results", "src\PowerUtils.Results.csproj", "{3BE5FCAC-9891-41C4-9E11-7B9124EEC769}"
EndProject
Project("{9A19103F-16F7-4668-BE54-9A1E7A4F7556}") = "Samples", "samples\PowerUtils.Results.Samples\Samples.csproj", "{064A0818-E6AE-47E6-9509-E784AB2C0E03}"
EndProject
Project("{9A19103F-16F7-4668-BE54-9A1E7A4F7556}") = "PowerUtils.Results.Tests", "tests\PowerUtils.Results.Tests\PowerUtils.Results.Tests.csproj", "{0E98EFA3-61F3-43A7-908A-859C36D0D699}"
EndProject
Project("{9A19103F-16F7-4668-BE54-9A1E7A4F7556}") = "PowerUtils.Results.Benchmarks", "tests\PowerUtils.Results.Benchmarks\PowerUtils.Results.Benchmarks.csproj", "{9448A236-B753-4112-9039-1F10D6D5BA66}"
EndProject
Project("{9A19103F-16F7-4668-BE54-9A1E7A4F7556}") = "MediatR.Samples", "samples\PowerUtils.Results.MediatR.Samples\MediatR.Samples.csproj", "{966ED0AA-A2B8-4DC5-9794-97B76A711B38}"
EndProject
Global
	GlobalSection(SolutionConfigurationPlatforms) = preSolution
		Debug|Any CPU = Debug|Any CPU
		Release|Any CPU = Release|Any CPU
	EndGlobalSection
	GlobalSection(ProjectConfigurationPlatforms) = postSolution
		{3BE5FCAC-9891-41C4-9E11-7B9124EEC769}.Debug|Any CPU.ActiveCfg = Debug|Any CPU
		{3BE5FCAC-9891-41C4-9E11-7B9124EEC769}.Debug|Any CPU.Build.0 = Debug|Any CPU
		{3BE5FCAC-9891-41C4-9E11-7B9124EEC769}.Release|Any CPU.ActiveCfg = Release|Any CPU
		{3BE5FCAC-9891-41C4-9E11-7B9124EEC769}.Release|Any CPU.Build.0 = Release|Any CPU
		{064A0818-E6AE-47E6-9509-E784AB2C0E03}.Debug|Any CPU.ActiveCfg = Debug|Any CPU
		{064A0818-E6AE-47E6-9509-E784AB2C0E03}.Debug|Any CPU.Build.0 = Debug|Any CPU
		{064A0818-E6AE-47E6-9509-E784AB2C0E03}.Release|Any CPU.ActiveCfg = Release|Any CPU
		{064A0818-E6AE-47E6-9509-E784AB2C0E03}.Release|Any CPU.Build.0 = Release|Any CPU
		{0E98EFA3-61F3-43A7-908A-859C36D0D699}.Debug|Any CPU.ActiveCfg = Debug|Any CPU
		{0E98EFA3-61F3-43A7-908A-859C36D0D699}.Debug|Any CPU.Build.0 = Debug|Any CPU
		{0E98EFA3-61F3-43A7-908A-859C36D0D699}.Release|Any CPU.ActiveCfg = Release|Any CPU
		{0E98EFA3-61F3-43A7-908A-859C36D0D699}.Release|Any CPU.Build.0 = Release|Any CPU
		{9448A236-B753-4112-9039-1F10D6D5BA66}.Debug|Any CPU.ActiveCfg = Debug|Any CPU
		{9448A236-B753-4112-9039-1F10D6D5BA66}.Debug|Any CPU.Build.0 = Debug|Any CPU
		{9448A236-B753-4112-9039-1F10D6D5BA66}.Release|Any CPU.ActiveCfg = Release|Any CPU
		{9448A236-B753-4112-9039-1F10D6D5BA66}.Release|Any CPU.Build.0 = Release|Any CPU
		{966ED0AA-A2B8-4DC5-9794-97B76A711B38}.Debug|Any CPU.ActiveCfg = Debug|Any CPU
		{966ED0AA-A2B8-4DC5-9794-97B76A711B38}.Debug|Any CPU.Build.0 = Debug|Any CPU
		{966ED0AA-A2B8-4DC5-9794-97B76A711B38}.Release|Any CPU.ActiveCfg = Release|Any CPU
		{966ED0AA-A2B8-4DC5-9794-97B76A711B38}.Release|Any CPU.Build.0 = Release|Any CPU
	EndGlobalSection
	GlobalSection(SolutionProperties) = preSolution
		HideSolutionNode = FALSE
	EndGlobalSection
	GlobalSection(NestedProjects) = preSolution
		{3BE5FCAC-9891-41C4-9E11-7B9124EEC769} = {5237E842-79D4-4478-A2B2-03A9550DF961}
		{064A0818-E6AE-47E6-9509-E784AB2C0E03} = {B81DD0A3-C252-4D42-A6B5-7DFFD54EEC02}
		{0E98EFA3-61F3-43A7-908A-859C36D0D699} = {205F8EB8-DA99-44B8-878B-9BC54E4C86EF}
		{9448A236-B753-4112-9039-1F10D6D5BA66} = {205F8EB8-DA99-44B8-878B-9BC54E4C86EF}
		{966ED0AA-A2B8-4DC5-9794-97B76A711B38} = {B81DD0A3-C252-4D42-A6B5-7DFFD54EEC02}
	EndGlobalSection
	GlobalSection(ExtensibilityGlobals) = postSolution
		SolutionGuid = {66F63D6E-842C-4E46-BAED-807221FA508C}
	EndGlobalSection
EndGlobal
